
Microsoft Visual Studio Solution File, Format Version 12.00
# Visual Studio Version 17
VisualStudioVersion = 17.0.31612.314
MinimumVisualStudioVersion = 10.0.40219.1
Project("{9A19103F-16F7-4668-BE54-9A1E7A4F7556}") = "SimpleFactoryTests", "SimpleFactoryTests\SimpleFactoryTests.csproj", "{8D943E9B-CBDE-40F4-ADF2-976FBABF6DE3}"
EndProject
Project("{9A19103F-16F7-4668-BE54-9A1E7A4F7556}") = "SimpleFactory", "SimpleFactory\SimpleFactory.csproj", "{072616DA-E3CD-4E5D-BBFD-928026CE2838}"
EndProject
Project("{FAE04EC0-301F-11D3-BF4B-00C04F79EFBC}") = "Singleton", "Singleton\Singleton.csproj", "{26060984-DD16-4AFD-BC4D-9E978A90F2C7}"
EndProject
Project("{FAE04EC0-301F-11D3-BF4B-00C04F79EFBC}") = "SingletonTests", "SingletonTests\SingletonTests.csproj", "{EEAFF5A0-75EC-4712-8890-67C17E17F426}"
EndProject
Global
	GlobalSection(SolutionConfigurationPlatforms) = preSolution
		Debug|Any CPU = Debug|Any CPU
		Release|Any CPU = Release|Any CPU
	EndGlobalSection
	GlobalSection(ProjectConfigurationPlatforms) = postSolution
		{8D943E9B-CBDE-40F4-ADF2-976FBABF6DE3}.Debug|Any CPU.ActiveCfg = Debug|Any CPU
		{8D943E9B-CBDE-40F4-ADF2-976FBABF6DE3}.Debug|Any CPU.Build.0 = Debug|Any CPU
		{8D943E9B-CBDE-40F4-ADF2-976FBABF6DE3}.Release|Any CPU.ActiveCfg = Release|Any CPU
		{8D943E9B-CBDE-40F4-ADF2-976FBABF6DE3}.Release|Any CPU.Build.0 = Release|Any CPU
		{072616DA-E3CD-4E5D-BBFD-928026CE2838}.Debug|Any CPU.ActiveCfg = Debug|Any CPU
		{072616DA-E3CD-4E5D-BBFD-928026CE2838}.Debug|Any CPU.Build.0 = Debug|Any CPU
		{072616DA-E3CD-4E5D-BBFD-928026CE2838}.Release|Any CPU.ActiveCfg = Release|Any CPU
		{072616DA-E3CD-4E5D-BBFD-928026CE2838}.Release|Any CPU.Build.0 = Release|Any CPU
		{26060984-DD16-4AFD-BC4D-9E978A90F2C7}.Debug|Any CPU.ActiveCfg = Debug|Any CPU
		{26060984-DD16-4AFD-BC4D-9E978A90F2C7}.Debug|Any CPU.Build.0 = Debug|Any CPU
		{26060984-DD16-4AFD-BC4D-9E978A90F2C7}.Release|Any CPU.ActiveCfg = Release|Any CPU
		{26060984-DD16-4AFD-BC4D-9E978A90F2C7}.Release|Any CPU.Build.0 = Release|Any CPU
		{EEAFF5A0-75EC-4712-8890-67C17E17F426}.Debug|Any CPU.ActiveCfg = Debug|Any CPU
		{EEAFF5A0-75EC-4712-8890-67C17E17F426}.Debug|Any CPU.Build.0 = Debug|Any CPU
		{EEAFF5A0-75EC-4712-8890-67C17E17F426}.Release|Any CPU.ActiveCfg = Release|Any CPU
		{EEAFF5A0-75EC-4712-8890-67C17E17F426}.Release|Any CPU.Build.0 = Release|Any CPU
	EndGlobalSection
	GlobalSection(SolutionProperties) = preSolution
		HideSolutionNode = FALSE
	EndGlobalSection
	GlobalSection(ExtensibilityGlobals) = postSolution
		SolutionGuid = {A3717530-AECA-4A27-B9F1-51BA1315EC12}
	EndGlobalSection
EndGlobal
